
Microsoft Visual Studio Solution File, Format Version 11.00
# Visual Studio 2010
Project("{FAE04EC0-301F-11D3-BF4B-00C04F79EFBC}") = "ceramicCrystalStructures-master", "Assembly-CSharp.csproj", "{3ACA821E-5482-21F4-EBE9-3FDC3CE3B997}"
EndProject
Global
	GlobalSection(SolutionConfigurationPlatforms) = preSolution
		Debug|Any CPU = Debug|Any CPU
		Release|Any CPU = Release|Any CPU
	EndGlobalSection
	GlobalSection(ProjectConfigurationPlatforms) = postSolution
		{3ACA821E-5482-21F4-EBE9-3FDC3CE3B997}.Debug|Any CPU.ActiveCfg = Debug|Any CPU
		{3ACA821E-5482-21F4-EBE9-3FDC3CE3B997}.Debug|Any CPU.Build.0 = Debug|Any CPU
		{3ACA821E-5482-21F4-EBE9-3FDC3CE3B997}.Release|Any CPU.ActiveCfg = Release|Any CPU
		{3ACA821E-5482-21F4-EBE9-3FDC3CE3B997}.Release|Any CPU.Build.0 = Release|Any CPU
	EndGlobalSection
	GlobalSection(SolutionProperties) = preSolution
		HideSolutionNode = FALSE
	EndGlobalSection
	GlobalSection(MonoDevelopProperties) = preSolution
		StartupItem = Assembly-CSharp.csproj
	EndGlobalSection
EndGlobal
